// !$*UTF8*$!
{
	archiveVersion = 1;
	classes = {
	};
	objectVersion = 46;
	objects = {

/* Begin PBXBuildFile section */
		93080E79199741D100BA9685 /* BXSearchWindowController.m in Sources */ = {isa = PBXBuildFile; fileRef = 93080E77199741D100BA9685 /* BXSearchWindowController.m */; };
		93080E7A199741D100BA9685 /* BXSearchWindow.xib in Resources */ = {isa = PBXBuildFile; fileRef = 93080E78199741D100BA9685 /* BXSearchWindow.xib */; };
		9308FC0C19945B9C00AB090C /* BXSearchResultFormatter.m in Sources */ = {isa = PBXBuildFile; fileRef = 9308FBE119945B9B00AB090C /* BXSearchResultFormatter.m */; };
		9308FC0F19945B9C00AB090C /* BXAccVerseFetcher.m in Sources */ = {isa = PBXBuildFile; fileRef = 9308FBE719945B9C00AB090C /* BXAccVerseFetcher.m */; };
		9308FC1019945B9C00AB090C /* BXAccVerseURL.m in Sources */ = {isa = PBXBuildFile; fileRef = 9308FBE919945B9C00AB090C /* BXAccVerseURL.m */; };
		9308FC1119945B9C00AB090C /* BXAppDelegate.m in Sources */ = {isa = PBXBuildFile; fileRef = 9308FBEB19945B9C00AB090C /* BXAppDelegate.m */; };
		9308FC1219945B9C00AB090C /* BXFontSelector.m in Sources */ = {isa = PBXBuildFile; fileRef = 9308FBED19945B9C00AB090C /* BXFontSelector.m */; };
		9308FC1319945B9C00AB090C /* BXLineSplitter.m in Sources */ = {isa = PBXBuildFile; fileRef = 9308FBEF19945B9C00AB090C /* BXLineSplitter.m */; };
		9308FC1419945B9C00AB090C /* BXSearch.m in Sources */ = {isa = PBXBuildFile; fileRef = 9308FBF119945B9C00AB090C /* BXSearch.m */; };
		9308FC1519945B9C00AB090C /* BXSearchResult.m in Sources */ = {isa = PBXBuildFile; fileRef = 9308FBF319945B9C00AB090C /* BXSearchResult.m */; };
		9308FC1619945B9C00AB090C /* BXTextLanguage.m in Sources */ = {isa = PBXBuildFile; fileRef = 9308FBF519945B9C00AB090C /* BXTextLanguage.m */; };
		9308FC1719945B9C00AB090C /* BXVerse.m in Sources */ = {isa = PBXBuildFile; fileRef = 9308FBF719945B9C00AB090C /* BXVerse.m */; };
		9308FC1819945B9C00AB090C /* Credits.rtf in Resources */ = {isa = PBXBuildFile; fileRef = 9308FBF919945B9C00AB090C /* Credits.rtf */; };
		9308FC1919945B9C00AB090C /* InfoPlist.strings in Resources */ = {isa = PBXBuildFile; fileRef = 9308FBFB19945B9C00AB090C /* InfoPlist.strings */; };
		9308FC1A19945B9C00AB090C /* Images.xcassets in Resources */ = {isa = PBXBuildFile; fileRef = 9308FBFD19945B9C00AB090C /* Images.xcassets */; };
		9308FC1B19945B9C00AB090C /* main.m in Sources */ = {isa = PBXBuildFile; fileRef = 9308FBFE19945B9C00AB090C /* main.m */; };
		9308FC2419945B9C00AB090C /* InfoPlist.strings in Resources */ = {isa = PBXBuildFile; fileRef = 9308FC0919945B9C00AB090C /* InfoPlist.strings */; };
		9308FC2519945B9C00AB090C /* RegexForAccordanceTests-Info.plist in Resources */ = {isa = PBXBuildFile; fileRef = 9308FC0B19945B9C00AB090C /* RegexForAccordanceTests-Info.plist */; };
		9313263519BCDAD400974229 /* BXVerseRefTests.m in Sources */ = {isa = PBXBuildFile; fileRef = 9313263419BCDAD400974229 /* BXVerseRefTests.m */; };
		9317B2BA19A570EF00186A77 /* BXFilterGreekDiacritics.m in Sources */ = {isa = PBXBuildFile; fileRef = 9317B2B919A570EF00186A77 /* BXFilterGreekDiacritics.m */; };
		9317B2BD19A5750B00186A77 /* BXFilterGreekPunctuation.m in Sources */ = {isa = PBXBuildFile; fileRef = 9317B2BC19A5750B00186A77 /* BXFilterGreekPunctuation.m */; };
		9317B75919B403F2001B3F0D /* Defaults.plist in Resources */ = {isa = PBXBuildFile; fileRef = 9317B75819B403F2001B3F0D /* Defaults.plist */; };
		9317B75D19B41017001B3F0D /* BXPreferencesWindowController.m in Sources */ = {isa = PBXBuildFile; fileRef = 9317B75B19B41017001B3F0D /* BXPreferencesWindowController.m */; };
		9317B75E19B41017001B3F0D /* BXPreferencesWindow.xib in Resources */ = {isa = PBXBuildFile; fileRef = 9317B75C19B41017001B3F0D /* BXPreferencesWindow.xib */; };
		931A279E19945F1D00DC3C27 /* BXAccVerseFetcherTests.m in Sources */ = {isa = PBXBuildFile; fileRef = 9308FC0419945B9C00AB090C /* BXAccVerseFetcherTests.m */; };
		931A279F19945F1D00DC3C27 /* BXAccVerseURLTests.m in Sources */ = {isa = PBXBuildFile; fileRef = 9308FC0519945B9C00AB090C /* BXAccVerseURLTests.m */; };
		931A27A019945F1D00DC3C27 /* BXLineSplitterTests.m in Sources */ = {isa = PBXBuildFile; fileRef = 9308FC0619945B9C00AB090C /* BXLineSplitterTests.m */; };
		931A27A119945F1D00DC3C27 /* BXSearchTests.m in Sources */ = {isa = PBXBuildFile; fileRef = 9308FC0719945B9C00AB090C /* BXSearchTests.m */; };
		931A27A31994607600DC3C27 /* BXSearchResultFormatterTests.m in Sources */ = {isa = PBXBuildFile; fileRef = 9308FBE219945B9B00AB090C /* BXSearchResultFormatterTests.m */; };
		931A27AA19946F5800DC3C27 /* BXVerseRangeParser.m in Sources */ = {isa = PBXBuildFile; fileRef = 931A27A919946F5800DC3C27 /* BXVerseRangeParser.m */; };
		931A27AD1994706300DC3C27 /* BXVerseRangeParserTests.m in Sources */ = {isa = PBXBuildFile; fileRef = 931A27AC1994706300DC3C27 /* BXVerseRangeParserTests.m */; };
		931A27B219948DA400DC3C27 /* BXVerseRef.m in Sources */ = {isa = PBXBuildFile; fileRef = 931A27B119948DA400DC3C27 /* BXVerseRef.m */; };
		931A27B71994920D00DC3C27 /* BXVerseRefConsolidator.m in Sources */ = {isa = PBXBuildFile; fileRef = 931A27B61994920D00DC3C27 /* BXVerseRefConsolidator.m */; };
		931A27BA1994A36100DC3C27 /* BXLineParser.m in Sources */ = {isa = PBXBuildFile; fileRef = 931A27B91994A36100DC3C27 /* BXLineParser.m */; };
		931A27BC1994A3E000DC3C27 /* BXLineParserTests.m in Sources */ = {isa = PBXBuildFile; fileRef = 931A27BB1994A3E000DC3C27 /* BXLineParserTests.m */; };
		931F51A51A25876D006774A3 /* BXFilterRemove.m in Sources */ = {isa = PBXBuildFile; fileRef = 931F51A41A25876D006774A3 /* BXFilterRemove.m */; };
		9323356D19B033EA00FFADCF /* BXSearchFieldFormatterTests.m in Sources */ = {isa = PBXBuildFile; fileRef = 9323356C19B033EA00FFADCF /* BXSearchFieldFormatterTests.m */; };
		9323357019B0374800FFADCF /* BXStatisticsGroups.m in Sources */ = {isa = PBXBuildFile; fileRef = 9323356F19B0374800FFADCF /* BXStatisticsGroups.m */; };
		932D676619B4FF9900222BB8 /* BXSearchFieldFormatter.m in Sources */ = {isa = PBXBuildFile; fileRef = 932D676519B4FF9900222BB8 /* BXSearchFieldFormatter.m */; };
		933191A319E395E500F5C84C /* BXSearchResultHighlighter.m in Sources */ = {isa = PBXBuildFile; fileRef = 933191A219E395E500F5C84C /* BXSearchResultHighlighter.m */; };
		933191A519EAF3FA00F5C84C /* Help in Resources */ = {isa = PBXBuildFile; fileRef = 933191A419EAF3FA00F5C84C /* Help */; };
		933AF7B119CFB8B50036CF7C /* BXFilterPopoverViewController.m in Sources */ = {isa = PBXBuildFile; fileRef = 933AF7B019CFB8B50036CF7C /* BXFilterPopoverViewController.m */; };
		93404DB01A2ABBB9007927A2 /* BXVerseTests.m in Sources */ = {isa = PBXBuildFile; fileRef = 93404DAF1A2ABBB9007927A2 /* BXVerseTests.m */; };
		93475AAD19A015F500882A88 /* BXStatistics.m in Sources */ = {isa = PBXBuildFile; fileRef = 93475AAC19A015F500882A88 /* BXStatistics.m */; };
		93475AAF19A0162E00882A88 /* BXStatisticsTests.m in Sources */ = {isa = PBXBuildFile; fileRef = 93475AAE19A0162E00882A88 /* BXStatisticsTests.m */; };
		93475AB219A04F1200882A88 /* BXStatisticsDatasource.m in Sources */ = {isa = PBXBuildFile; fileRef = 93475AB119A04F1200882A88 /* BXStatisticsDatasource.m */; };
		934E574E19A955F8006172AC /* BXFontSelectorTests.m in Sources */ = {isa = PBXBuildFile; fileRef = 934E574D19A955F8006172AC /* BXFontSelectorTests.m */; };
		934E579419A96AFB006172AC /* BXDocument.m in Sources */ = {isa = PBXBuildFile; fileRef = 934E579319A96AFB006172AC /* BXDocument.m */; };
		9354DD4B1A6B29AE008429D6 /* BXFilterBracketedText.m in Sources */ = {isa = PBXBuildFile; fileRef = 9354DD4A1A6B29AE008429D6 /* BXFilterBracketedText.m */; };
		935E3ADA19C29E04007A635A /* BXGroupRowView.xib in Resources */ = {isa = PBXBuildFile; fileRef = 935E3AD919C29E04007A635A /* BXGroupRowView.xib */; };
		935E3ADD19C29E2A007A635A /* BXGroupRowViewController.m in Sources */ = {isa = PBXBuildFile; fileRef = 935E3ADC19C29E2A007A635A /* BXGroupRowViewController.m */; };
		935E3AE019C2A573007A635A /* BXGroupRowView.m in Sources */ = {isa = PBXBuildFile; fileRef = 935E3ADF19C2A573007A635A /* BXGroupRowView.m */; };
		93613DD419AC2C7400968843 /* BXStatisticsDatasourceTests.m in Sources */ = {isa = PBXBuildFile; fileRef = 93613DD319AC2C7400968843 /* BXStatisticsDatasourceTests.m */; };
		93676F5F19E1A8DF00DAA51D /* BXSearchSettings.m in Sources */ = {isa = PBXBuildFile; fileRef = 93676F5E19E1A8DF00DAA51D /* BXSearchSettings.m */; };
		936CA3351A26D96F00C27A7F /* BXFilter.m in Sources */ = {isa = PBXBuildFile; fileRef = 936CA3341A26D96F00C27A7F /* BXFilter.m */; };
		9387CA8F19B1910800129B96 /* BXTestSearchResult.m in Sources */ = {isa = PBXBuildFile; fileRef = 9387CA8E19B1910800129B96 /* BXTestSearchResult.m */; };
		93963DB11A21170C0091F71D /* BXFilterTrailingSpaces.m in Sources */ = {isa = PBXBuildFile; fileRef = 93963DB01A21170C0091F71D /* BXFilterTrailingSpaces.m */; };
		93984F6A19873CA70034CB53 /* Cocoa.framework in Frameworks */ = {isa = PBXBuildFile; fileRef = 93984F6919873CA70034CB53 /* Cocoa.framework */; };
		93984F8919873CA70034CB53 /* XCTest.framework in Frameworks */ = {isa = PBXBuildFile; fileRef = 93984F8819873CA70034CB53 /* XCTest.framework */; };
		93984F8A19873CA70034CB53 /* Cocoa.framework in Frameworks */ = {isa = PBXBuildFile; fileRef = 93984F6919873CA70034CB53 /* Cocoa.framework */; };
		939C166A19B39238009A46E4 /* BXAccLink.m in Sources */ = {isa = PBXBuildFile; fileRef = 939C166919B39238009A46E4 /* BXAccLink.m */; };
		93AB10CE1A0F5B6D0036B6DC /* icon.iconset in Resources */ = {isa = PBXBuildFile; fileRef = 93DBC54F1A0F274F008ABE0A /* icon.iconset */; };
		93AF6A9619AE8359006A8328 /* BXSearchResultHit.m in Sources */ = {isa = PBXBuildFile; fileRef = 93AF6A9519AE8358006A8328 /* BXSearchResultHit.m */; };
		93B5D5561A2254FB008D22FD /* MainMenu.xib in Resources */ = {isa = PBXBuildFile; fileRef = 9308FBE419945B9B00AB090C /* MainMenu.xib */; };
		93B5D5581A22575C008D22FD /* BXVerseRefConsolidatorTests.m in Sources */ = {isa = PBXBuildFile; fileRef = 93B5D5571A22575C008D22FD /* BXVerseRefConsolidatorTests.m */; };
		93B5D55B1A2257A2008D22FD /* BXFilterHebrewPoints.m in Sources */ = {isa = PBXBuildFile; fileRef = 93B5D55A1A2257A2008D22FD /* BXFilterHebrewPoints.m */; };
		93B66DD01A2D74CB009F5D13 /* BXDocumentTests.m in Sources */ = {isa = PBXBuildFile; fileRef = 93B66DCF1A2D74CB009F5D13 /* BXDocumentTests.m */; };
		93B66DD21A2D892A009F5D13 /* BXSearchResultTests.m in Sources */ = {isa = PBXBuildFile; fileRef = 93B66DD11A2D892A009F5D13 /* BXSearchResultTests.m */; };
		93B66DD41A2EC08A009F5D13 /* BXFilterPopOverViewControllerTests.m in Sources */ = {isa = PBXBuildFile; fileRef = 93B66DD31A2EC08A009F5D13 /* BXFilterPopOverViewControllerTests.m */; };
		93BC372F19F363980074B9C8 /* BXFilterPilcrows.m in Sources */ = {isa = PBXBuildFile; fileRef = 93BC372E19F363980074B9C8 /* BXFilterPilcrows.m */; };
		93D1573219983D720020CB14 /* BXFilterReplace.m in Sources */ = {isa = PBXBuildFile; fileRef = 93D1573119983D720020CB14 /* BXFilterReplace.m */; };
		93D1573619983E220020CB14 /* BXFilterTransliterate.m in Sources */ = {isa = PBXBuildFile; fileRef = 93D1573519983E220020CB14 /* BXFilterTransliterate.m */; };
		93D157381998458B0020CB14 /* BXFilterTests.m in Sources */ = {isa = PBXBuildFile; fileRef = 93D157371998458B0020CB14 /* BXFilterTests.m */; };
		93D1573A19984C2B0020CB14 /* BXTransliterateFilterTests.m in Sources */ = {isa = PBXBuildFile; fileRef = 93D1573919984C2A0020CB14 /* BXTransliterateFilterTests.m */; };
		93D1573E1998751D0020CB14 /* BXFilterCFStringTransform.m in Sources */ = {isa = PBXBuildFile; fileRef = 93D1573D1998751D0020CB14 /* BXFilterCFStringTransform.m */; };
		93D207C319A2FB3500885079 /* BXFilterHebrewDirectionalMarks.m in Sources */ = {isa = PBXBuildFile; fileRef = 93D207C219A2FB3500885079 /* BXFilterHebrewDirectionalMarks.m */; };
		93D4A8271A7D447B007FBC4C /* BXTestAccVerseFetcher.m in Sources */ = {isa = PBXBuildFile; fileRef = 93D4A8261A7D447B007FBC4C /* BXTestAccVerseFetcher.m */; };
		93E667A919B05B1800D8E08D /* BXStatisticsGroup.m in Sources */ = {isa = PBXBuildFile; fileRef = 93E667A819B05B1800D8E08D /* BXStatisticsGroup.m */; };
		93E667AB19B05F4700D8E08D /* BXStatisticsGroupsTests.m in Sources */ = {isa = PBXBuildFile; fileRef = 93E667AA19B05F4700D8E08D /* BXStatisticsGroupsTests.m */; };
		93FDF845199DAAF600BF3576 /* BXTextLanguageTests.m in Sources */ = {isa = PBXBuildFile; fileRef = 93FDF844199DAAF600BF3576 /* BXTextLanguageTests.m */; };
		93FDF848199DC5D800BF3576 /* BXFilterSpaces.m in Sources */ = {isa = PBXBuildFile; fileRef = 93FDF847199DC5D800BF3576 /* BXFilterSpaces.m */; };
		93FDF84B199DC75F00BF3576 /* BXFilterHebrewCantillation.m in Sources */ = {isa = PBXBuildFile; fileRef = 93FDF84A199DC75F00BF3576 /* BXFilterHebrewCantillation.m */; };
		93FDF851199DC93C00BF3576 /* BXFilterHebrewPunctuation.m in Sources */ = {isa = PBXBuildFile; fileRef = 93FDF850199DC93C00BF3576 /* BXFilterHebrewPunctuation.m */; };
		93FDF854199DCB0900BF3576 /* BXFilterDecomposeCharacters.m in Sources */ = {isa = PBXBuildFile; fileRef = 93FDF853199DCB0900BF3576 /* BXFilterDecomposeCharacters.m */; };
/* End PBXBuildFile section */

/* Begin PBXContainerItemProxy section */
		93984F8B19873CA70034CB53 /* PBXContainerItemProxy */ = {
			isa = PBXContainerItemProxy;
			containerPortal = 93984F5E19873CA70034CB53 /* Project object */;
			proxyType = 1;
			remoteGlobalIDString = 93984F6519873CA70034CB53;
			remoteInfo = RegexForAccordance;
		};
/* End PBXContainerItemProxy section */

/* Begin PBXFileReference section */
		93006F041A215F0C00F9BE92 /* OSAKit.framework */ = {isa = PBXFileReference; lastKnownFileType = wrapper.framework; name = OSAKit.framework; path = System/Library/Frameworks/OSAKit.framework; sourceTree = SDKROOT; };
		93080E76199741D100BA9685 /* BXSearchWindowController.h */ = {isa = PBXFileReference; fileEncoding = 4; lastKnownFileType = sourcecode.c.h; path = BXSearchWindowController.h; sourceTree = "<group>"; };
		93080E77199741D100BA9685 /* BXSearchWindowController.m */ = {isa = PBXFileReference; fileEncoding = 4; lastKnownFileType = sourcecode.c.objc; path = BXSearchWindowController.m; sourceTree = "<group>"; };
		93080E78199741D100BA9685 /* BXSearchWindow.xib */ = {isa = PBXFileReference; fileEncoding = 4; lastKnownFileType = file.xib; path = BXSearchWindow.xib; sourceTree = "<group>"; };
		9308FBE019945B9B00AB090C /* BXSearchResultFormatter.h */ = {isa = PBXFileReference; fileEncoding = 4; lastKnownFileType = sourcecode.c.h; path = BXSearchResultFormatter.h; sourceTree = "<group>"; };
		9308FBE119945B9B00AB090C /* BXSearchResultFormatter.m */ = {isa = PBXFileReference; fileEncoding = 4; lastKnownFileType = sourcecode.c.objc; path = BXSearchResultFormatter.m; sourceTree = "<group>"; };
		9308FBE219945B9B00AB090C /* BXSearchResultFormatterTests.m */ = {isa = PBXFileReference; fileEncoding = 4; lastKnownFileType = sourcecode.c.objc; path = BXSearchResultFormatterTests.m; sourceTree = "<group>"; };
		9308FBE519945B9C00AB090C /* Base */ = {isa = PBXFileReference; lastKnownFileType = file.xib; name = Base; path = Base.lproj/MainMenu.xib; sourceTree = "<group>"; };
		9308FBE619945B9C00AB090C /* BXAccVerseFetcher.h */ = {isa = PBXFileReference; fileEncoding = 4; lastKnownFileType = sourcecode.c.h; path = BXAccVerseFetcher.h; sourceTree = "<group>"; };
		9308FBE719945B9C00AB090C /* BXAccVerseFetcher.m */ = {isa = PBXFileReference; fileEncoding = 4; lastKnownFileType = sourcecode.c.objc; path = BXAccVerseFetcher.m; sourceTree = "<group>"; };
		9308FBE819945B9C00AB090C /* BXAccVerseURL.h */ = {isa = PBXFileReference; fileEncoding = 4; lastKnownFileType = sourcecode.c.h; path = BXAccVerseURL.h; sourceTree = "<group>"; };
		9308FBE919945B9C00AB090C /* BXAccVerseURL.m */ = {isa = PBXFileReference; fileEncoding = 4; lastKnownFileType = sourcecode.c.objc; path = BXAccVerseURL.m; sourceTree = "<group>"; };
		9308FBEA19945B9C00AB090C /* BXAppDelegate.h */ = {isa = PBXFileReference; fileEncoding = 4; lastKnownFileType = sourcecode.c.h; path = BXAppDelegate.h; sourceTree = "<group>"; };
		9308FBEB19945B9C00AB090C /* BXAppDelegate.m */ = {isa = PBXFileReference; fileEncoding = 4; lastKnownFileType = sourcecode.c.objc; path = BXAppDelegate.m; sourceTree = "<group>"; };
		9308FBEC19945B9C00AB090C /* BXFontSelector.h */ = {isa = PBXFileReference; fileEncoding = 4; lastKnownFileType = sourcecode.c.h; path = BXFontSelector.h; sourceTree = "<group>"; };
		9308FBED19945B9C00AB090C /* BXFontSelector.m */ = {isa = PBXFileReference; fileEncoding = 4; lastKnownFileType = sourcecode.c.objc; path = BXFontSelector.m; sourceTree = "<group>"; };
		9308FBEE19945B9C00AB090C /* BXLineSplitter.h */ = {isa = PBXFileReference; fileEncoding = 4; lastKnownFileType = sourcecode.c.h; path = BXLineSplitter.h; sourceTree = "<group>"; };
		9308FBEF19945B9C00AB090C /* BXLineSplitter.m */ = {isa = PBXFileReference; fileEncoding = 4; lastKnownFileType = sourcecode.c.objc; path = BXLineSplitter.m; sourceTree = "<group>"; };
		9308FBF019945B9C00AB090C /* BXSearch.h */ = {isa = PBXFileReference; fileEncoding = 4; lastKnownFileType = sourcecode.c.h; path = BXSearch.h; sourceTree = "<group>"; };
		9308FBF119945B9C00AB090C /* BXSearch.m */ = {isa = PBXFileReference; fileEncoding = 4; lastKnownFileType = sourcecode.c.objc; path = BXSearch.m; sourceTree = "<group>"; };
		9308FBF219945B9C00AB090C /* BXSearchResult.h */ = {isa = PBXFileReference; fileEncoding = 4; lastKnownFileType = sourcecode.c.h; path = BXSearchResult.h; sourceTree = "<group>"; };
		9308FBF319945B9C00AB090C /* BXSearchResult.m */ = {isa = PBXFileReference; fileEncoding = 4; lastKnownFileType = sourcecode.c.objc; path = BXSearchResult.m; sourceTree = "<group>"; };
		9308FBF419945B9C00AB090C /* BXTextLanguage.h */ = {isa = PBXFileReference; fileEncoding = 4; lastKnownFileType = sourcecode.c.h; path = BXTextLanguage.h; sourceTree = "<group>"; };
		9308FBF519945B9C00AB090C /* BXTextLanguage.m */ = {isa = PBXFileReference; fileEncoding = 4; lastKnownFileType = sourcecode.c.objc; path = BXTextLanguage.m; sourceTree = "<group>"; };
		9308FBF619945B9C00AB090C /* BXVerse.h */ = {isa = PBXFileReference; fileEncoding = 4; lastKnownFileType = sourcecode.c.h; path = BXVerse.h; sourceTree = "<group>"; };
		9308FBF719945B9C00AB090C /* BXVerse.m */ = {isa = PBXFileReference; fileEncoding = 4; lastKnownFileType = sourcecode.c.objc; path = BXVerse.m; sourceTree = "<group>"; };
		9308FBFA19945B9C00AB090C /* en */ = {isa = PBXFileReference; lastKnownFileType = text.rtf; name = en; path = en.lproj/Credits.rtf; sourceTree = "<group>"; };
		9308FBFC19945B9C00AB090C /* en */ = {isa = PBXFileReference; lastKnownFileType = text.plist.strings; name = en; path = en.lproj/InfoPlist.strings; sourceTree = "<group>"; };
		9308FBFD19945B9C00AB090C /* Images.xcassets */ = {isa = PBXFileReference; lastKnownFileType = folder.assetcatalog; path = Images.xcassets; sourceTree = "<group>"; };
		9308FBFE19945B9C00AB090C /* main.m */ = {isa = PBXFileReference; fileEncoding = 4; lastKnownFileType = sourcecode.c.objc; path = main.m; sourceTree = "<group>"; };
		9308FBFF19945B9C00AB090C /* RegexForAccordance-Info.plist */ = {isa = PBXFileReference; fileEncoding = 4; lastKnownFileType = text.plist.xml; path = "RegexForAccordance-Info.plist"; sourceTree = "<group>"; };
		9308FC0019945B9C00AB090C /* RegexForAccordance-Prefix.pch */ = {isa = PBXFileReference; fileEncoding = 4; lastKnownFileType = sourcecode.c.h; path = "RegexForAccordance-Prefix.pch"; sourceTree = "<group>"; };
		9308FC0419945B9C00AB090C /* BXAccVerseFetcherTests.m */ = {isa = PBXFileReference; fileEncoding = 4; lastKnownFileType = sourcecode.c.objc; path = BXAccVerseFetcherTests.m; sourceTree = "<group>"; };
		9308FC0519945B9C00AB090C /* BXAccVerseURLTests.m */ = {isa = PBXFileReference; fileEncoding = 4; lastKnownFileType = sourcecode.c.objc; path = BXAccVerseURLTests.m; sourceTree = "<group>"; };
		9308FC0619945B9C00AB090C /* BXLineSplitterTests.m */ = {isa = PBXFileReference; fileEncoding = 4; lastKnownFileType = sourcecode.c.objc; path = BXLineSplitterTests.m; sourceTree = "<group>"; };
		9308FC0719945B9C00AB090C /* BXSearchTests.m */ = {isa = PBXFileReference; fileEncoding = 4; lastKnownFileType = sourcecode.c.objc; path = BXSearchTests.m; sourceTree = "<group>"; };
		9308FC0A19945B9C00AB090C /* en */ = {isa = PBXFileReference; lastKnownFileType = text.plist.strings; name = en; path = en.lproj/InfoPlist.strings; sourceTree = "<group>"; };
		9308FC0B19945B9C00AB090C /* RegexForAccordanceTests-Info.plist */ = {isa = PBXFileReference; fileEncoding = 4; lastKnownFileType = text.plist.xml; path = "RegexForAccordanceTests-Info.plist"; sourceTree = "<group>"; };
		9313263419BCDAD400974229 /* BXVerseRefTests.m */ = {isa = PBXFileReference; fileEncoding = 4; lastKnownFileType = sourcecode.c.objc; path = BXVerseRefTests.m; sourceTree = "<group>"; };
		9317B2B819A570EF00186A77 /* BXFilterGreekDiacritics.h */ = {isa = PBXFileReference; fileEncoding = 4; lastKnownFileType = sourcecode.c.h; path = BXFilterGreekDiacritics.h; sourceTree = "<group>"; };
		9317B2B919A570EF00186A77 /* BXFilterGreekDiacritics.m */ = {isa = PBXFileReference; fileEncoding = 4; lastKnownFileType = sourcecode.c.objc; path = BXFilterGreekDiacritics.m; sourceTree = "<group>"; };
		9317B2BB19A5750B00186A77 /* BXFilterGreekPunctuation.h */ = {isa = PBXFileReference; fileEncoding = 4; lastKnownFileType = sourcecode.c.h; path = BXFilterGreekPunctuation.h; sourceTree = "<group>"; };
		9317B2BC19A5750B00186A77 /* BXFilterGreekPunctuation.m */ = {isa = PBXFileReference; fileEncoding = 4; lastKnownFileType = sourcecode.c.objc; path = BXFilterGreekPunctuation.m; sourceTree = "<group>"; };
		9317B75819B403F2001B3F0D /* Defaults.plist */ = {isa = PBXFileReference; fileEncoding = 4; lastKnownFileType = text.plist.xml; path = Defaults.plist; sourceTree = "<group>"; };
		9317B75A19B41017001B3F0D /* BXPreferencesWindowController.h */ = {isa = PBXFileReference; fileEncoding = 4; lastKnownFileType = sourcecode.c.h; path = BXPreferencesWindowController.h; sourceTree = "<group>"; };
		9317B75B19B41017001B3F0D /* BXPreferencesWindowController.m */ = {isa = PBXFileReference; fileEncoding = 4; lastKnownFileType = sourcecode.c.objc; path = BXPreferencesWindowController.m; sourceTree = "<group>"; };
		9317B75C19B41017001B3F0D /* BXPreferencesWindow.xib */ = {isa = PBXFileReference; fileEncoding = 4; lastKnownFileType = file.xib; path = BXPreferencesWindow.xib; sourceTree = "<group>"; };
		931A27A819946F5800DC3C27 /* BXVerseRangeParser.h */ = {isa = PBXFileReference; fileEncoding = 4; lastKnownFileType = sourcecode.c.h; path = BXVerseRangeParser.h; sourceTree = "<group>"; };
		931A27A919946F5800DC3C27 /* BXVerseRangeParser.m */ = {isa = PBXFileReference; fileEncoding = 4; lastKnownFileType = sourcecode.c.objc; path = BXVerseRangeParser.m; sourceTree = "<group>"; };
		931A27AC1994706300DC3C27 /* BXVerseRangeParserTests.m */ = {isa = PBXFileReference; fileEncoding = 4; lastKnownFileType = sourcecode.c.objc; path = BXVerseRangeParserTests.m; sourceTree = "<group>"; };
		931A27B019948DA400DC3C27 /* BXVerseRef.h */ = {isa = PBXFileReference; fileEncoding = 4; lastKnownFileType = sourcecode.c.h; path = BXVerseRef.h; sourceTree = "<group>"; };
		931A27B119948DA400DC3C27 /* BXVerseRef.m */ = {isa = PBXFileReference; fileEncoding = 4; lastKnownFileType = sourcecode.c.objc; path = BXVerseRef.m; sourceTree = "<group>"; };
		931A27B51994920D00DC3C27 /* BXVerseRefConsolidator.h */ = {isa = PBXFileReference; fileEncoding = 4; lastKnownFileType = sourcecode.c.h; path = BXVerseRefConsolidator.h; sourceTree = "<group>"; };
		931A27B61994920D00DC3C27 /* BXVerseRefConsolidator.m */ = {isa = PBXFileReference; fileEncoding = 4; lastKnownFileType = sourcecode.c.objc; path = BXVerseRefConsolidator.m; sourceTree = "<group>"; };
		931A27B81994A36100DC3C27 /* BXLineParser.h */ = {isa = PBXFileReference; fileEncoding = 4; lastKnownFileType = sourcecode.c.h; path = BXLineParser.h; sourceTree = "<group>"; };
		931A27B91994A36100DC3C27 /* BXLineParser.m */ = {isa = PBXFileReference; fileEncoding = 4; lastKnownFileType = sourcecode.c.objc; path = BXLineParser.m; sourceTree = "<group>"; };
		931A27BB1994A3E000DC3C27 /* BXLineParserTests.m */ = {isa = PBXFileReference; fileEncoding = 4; lastKnownFileType = sourcecode.c.objc; path = BXLineParserTests.m; sourceTree = "<group>"; };
		931F51A31A25876D006774A3 /* BXFilterRemove.h */ = {isa = PBXFileReference; fileEncoding = 4; lastKnownFileType = sourcecode.c.h; path = BXFilterRemove.h; sourceTree = "<group>"; };
		931F51A41A25876D006774A3 /* BXFilterRemove.m */ = {isa = PBXFileReference; fileEncoding = 4; lastKnownFileType = sourcecode.c.objc; path = BXFilterRemove.m; sourceTree = "<group>"; };
		9323356C19B033EA00FFADCF /* BXSearchFieldFormatterTests.m */ = {isa = PBXFileReference; fileEncoding = 4; lastKnownFileType = sourcecode.c.objc; path = BXSearchFieldFormatterTests.m; sourceTree = "<group>"; };
		9323356E19B0374800FFADCF /* BXStatisticsGroups.h */ = {isa = PBXFileReference; fileEncoding = 4; lastKnownFileType = sourcecode.c.h; path = BXStatisticsGroups.h; sourceTree = "<group>"; };
		9323356F19B0374800FFADCF /* BXStatisticsGroups.m */ = {isa = PBXFileReference; fileEncoding = 4; lastKnownFileType = sourcecode.c.objc; path = BXStatisticsGroups.m; sourceTree = "<group>"; };
		932D676419B4FF9900222BB8 /* BXSearchFieldFormatter.h */ = {isa = PBXFileReference; fileEncoding = 4; lastKnownFileType = sourcecode.c.h; path = BXSearchFieldFormatter.h; sourceTree = "<group>"; };
		932D676519B4FF9900222BB8 /* BXSearchFieldFormatter.m */ = {isa = PBXFileReference; fileEncoding = 4; lastKnownFileType = sourcecode.c.objc; path = BXSearchFieldFormatter.m; sourceTree = "<group>"; };
		933191A119E395E500F5C84C /* BXSearchResultHighlighter.h */ = {isa = PBXFileReference; fileEncoding = 4; lastKnownFileType = sourcecode.c.h; path = BXSearchResultHighlighter.h; sourceTree = "<group>"; };
		933191A219E395E500F5C84C /* BXSearchResultHighlighter.m */ = {isa = PBXFileReference; fileEncoding = 4; lastKnownFileType = sourcecode.c.objc; path = BXSearchResultHighlighter.m; sourceTree = "<group>"; };
		933191A419EAF3FA00F5C84C /* Help */ = {isa = PBXFileReference; lastKnownFileType = folder; path = Help; sourceTree = "<group>"; };
		933AF7AF19CFB8B50036CF7C /* BXFilterPopoverViewController.h */ = {isa = PBXFileReference; fileEncoding = 4; lastKnownFileType = sourcecode.c.h; path = BXFilterPopoverViewController.h; sourceTree = "<group>"; };
		933AF7B019CFB8B50036CF7C /* BXFilterPopoverViewController.m */ = {isa = PBXFileReference; fileEncoding = 4; lastKnownFileType = sourcecode.c.objc; path = BXFilterPopoverViewController.m; sourceTree = "<group>"; };
		93404DAF1A2ABBB9007927A2 /* BXVerseTests.m */ = {isa = PBXFileReference; fileEncoding = 4; lastKnownFileType = sourcecode.c.objc; path = BXVerseTests.m; sourceTree = "<group>"; };
		93475AAB19A015F500882A88 /* BXStatistics.h */ = {isa = PBXFileReference; fileEncoding = 4; lastKnownFileType = sourcecode.c.h; path = BXStatistics.h; sourceTree = "<group>"; };
		93475AAC19A015F500882A88 /* BXStatistics.m */ = {isa = PBXFileReference; fileEncoding = 4; lastKnownFileType = sourcecode.c.objc; path = BXStatistics.m; sourceTree = "<group>"; };
		93475AAE19A0162E00882A88 /* BXStatisticsTests.m */ = {isa = PBXFileReference; fileEncoding = 4; lastKnownFileType = sourcecode.c.objc; path = BXStatisticsTests.m; sourceTree = "<group>"; };
		93475AB019A04F1200882A88 /* BXStatisticsDatasource.h */ = {isa = PBXFileReference; fileEncoding = 4; lastKnownFileType = sourcecode.c.h; path = BXStatisticsDatasource.h; sourceTree = "<group>"; };
		93475AB119A04F1200882A88 /* BXStatisticsDatasource.m */ = {isa = PBXFileReference; fileEncoding = 4; lastKnownFileType = sourcecode.c.objc; path = BXStatisticsDatasource.m; sourceTree = "<group>"; };
		934E574D19A955F8006172AC /* BXFontSelectorTests.m */ = {isa = PBXFileReference; fileEncoding = 4; lastKnownFileType = sourcecode.c.objc; path = BXFontSelectorTests.m; sourceTree = "<group>"; };
		934E579219A96AFB006172AC /* BXDocument.h */ = {isa = PBXFileReference; fileEncoding = 4; lastKnownFileType = sourcecode.c.h; path = BXDocument.h; sourceTree = "<group>"; };
		934E579319A96AFB006172AC /* BXDocument.m */ = {isa = PBXFileReference; fileEncoding = 4; lastKnownFileType = sourcecode.c.objc; path = BXDocument.m; sourceTree = "<group>"; };
		9354DD491A6B29AE008429D6 /* BXFilterBracketedText.h */ = {isa = PBXFileReference; fileEncoding = 4; lastKnownFileType = sourcecode.c.h; path = BXFilterBracketedText.h; sourceTree = "<group>"; };
		9354DD4A1A6B29AE008429D6 /* BXFilterBracketedText.m */ = {isa = PBXFileReference; fileEncoding = 4; lastKnownFileType = sourcecode.c.objc; path = BXFilterBracketedText.m; sourceTree = "<group>"; };
		935E3AD919C29E04007A635A /* BXGroupRowView.xib */ = {isa = PBXFileReference; fileEncoding = 4; lastKnownFileType = file.xib; path = BXGroupRowView.xib; sourceTree = "<group>"; };
		935E3ADB19C29E2A007A635A /* BXGroupRowViewController.h */ = {isa = PBXFileReference; fileEncoding = 4; lastKnownFileType = sourcecode.c.h; path = BXGroupRowViewController.h; sourceTree = "<group>"; };
		935E3ADC19C29E2A007A635A /* BXGroupRowViewController.m */ = {isa = PBXFileReference; fileEncoding = 4; lastKnownFileType = sourcecode.c.objc; path = BXGroupRowViewController.m; sourceTree = "<group>"; };
		935E3ADE19C2A573007A635A /* BXGroupRowView.h */ = {isa = PBXFileReference; fileEncoding = 4; lastKnownFileType = sourcecode.c.h; path = BXGroupRowView.h; sourceTree = "<group>"; };
		935E3ADF19C2A573007A635A /* BXGroupRowView.m */ = {isa = PBXFileReference; fileEncoding = 4; lastKnownFileType = sourcecode.c.objc; path = BXGroupRowView.m; sourceTree = "<group>"; };
		93613DD319AC2C7400968843 /* BXStatisticsDatasourceTests.m */ = {isa = PBXFileReference; fileEncoding = 4; lastKnownFileType = sourcecode.c.objc; path = BXStatisticsDatasourceTests.m; sourceTree = "<group>"; };
		93676F5D19E1A8DF00DAA51D /* BXSearchSettings.h */ = {isa = PBXFileReference; fileEncoding = 4; lastKnownFileType = sourcecode.c.h; path = BXSearchSettings.h; sourceTree = "<group>"; };
		93676F5E19E1A8DF00DAA51D /* BXSearchSettings.m */ = {isa = PBXFileReference; fileEncoding = 4; lastKnownFileType = sourcecode.c.objc; path = BXSearchSettings.m; sourceTree = "<group>"; };
		936CA3341A26D96F00C27A7F /* BXFilter.m */ = {isa = PBXFileReference; fileEncoding = 4; lastKnownFileType = sourcecode.c.objc; path = BXFilter.m; sourceTree = "<group>"; };
		9387CA8D19B1910800129B96 /* BXTestSearchResult.h */ = {isa = PBXFileReference; fileEncoding = 4; lastKnownFileType = sourcecode.c.h; path = BXTestSearchResult.h; sourceTree = "<group>"; };
		9387CA8E19B1910800129B96 /* BXTestSearchResult.m */ = {isa = PBXFileReference; fileEncoding = 4; lastKnownFileType = sourcecode.c.objc; path = BXTestSearchResult.m; sourceTree = "<group>"; };
		93963DAF1A21170C0091F71D /* BXFilterTrailingSpaces.h */ = {isa = PBXFileReference; fileEncoding = 4; lastKnownFileType = sourcecode.c.h; path = BXFilterTrailingSpaces.h; sourceTree = "<group>"; };
		93963DB01A21170C0091F71D /* BXFilterTrailingSpaces.m */ = {isa = PBXFileReference; fileEncoding = 4; lastKnownFileType = sourcecode.c.objc; path = BXFilterTrailingSpaces.m; sourceTree = "<group>"; };
		93984F6619873CA70034CB53 /* RegexForAccordance.app */ = {isa = PBXFileReference; explicitFileType = wrapper.application; includeInIndex = 0; path = RegexForAccordance.app; sourceTree = BUILT_PRODUCTS_DIR; };
		93984F6919873CA70034CB53 /* Cocoa.framework */ = {isa = PBXFileReference; lastKnownFileType = wrapper.framework; name = Cocoa.framework; path = System/Library/Frameworks/Cocoa.framework; sourceTree = SDKROOT; };
		93984F6C19873CA70034CB53 /* AppKit.framework */ = {isa = PBXFileReference; lastKnownFileType = wrapper.framework; name = AppKit.framework; path = System/Library/Frameworks/AppKit.framework; sourceTree = SDKROOT; };
		93984F6D19873CA70034CB53 /* CoreData.framework */ = {isa = PBXFileReference; lastKnownFileType = wrapper.framework; name = CoreData.framework; path = System/Library/Frameworks/CoreData.framework; sourceTree = SDKROOT; };
		93984F6E19873CA70034CB53 /* Foundation.framework */ = {isa = PBXFileReference; lastKnownFileType = wrapper.framework; name = Foundation.framework; path = System/Library/Frameworks/Foundation.framework; sourceTree = SDKROOT; };
		93984F8719873CA70034CB53 /* RegexForAccordanceTests.xctest */ = {isa = PBXFileReference; explicitFileType = wrapper.cfbundle; includeInIndex = 0; path = RegexForAccordanceTests.xctest; sourceTree = BUILT_PRODUCTS_DIR; };
		93984F8819873CA70034CB53 /* XCTest.framework */ = {isa = PBXFileReference; lastKnownFileType = wrapper.framework; name = XCTest.framework; path = Library/Frameworks/XCTest.framework; sourceTree = DEVELOPER_DIR; };
		939C166819B39238009A46E4 /* BXAccLink.h */ = {isa = PBXFileReference; fileEncoding = 4; lastKnownFileType = sourcecode.c.h; path = BXAccLink.h; sourceTree = "<group>"; };
		939C166919B39238009A46E4 /* BXAccLink.m */ = {isa = PBXFileReference; fileEncoding = 4; lastKnownFileType = sourcecode.c.objc; path = BXAccLink.m; sourceTree = "<group>"; };
		93AF6A9419AE8358006A8328 /* BXSearchResultHit.h */ = {isa = PBXFileReference; fileEncoding = 4; lastKnownFileType = sourcecode.c.h; path = BXSearchResultHit.h; sourceTree = "<group>"; };
		93AF6A9519AE8358006A8328 /* BXSearchResultHit.m */ = {isa = PBXFileReference; fileEncoding = 4; lastKnownFileType = sourcecode.c.objc; path = BXSearchResultHit.m; sourceTree = "<group>"; };
		93B5D5571A22575C008D22FD /* BXVerseRefConsolidatorTests.m */ = {isa = PBXFileReference; fileEncoding = 4; lastKnownFileType = sourcecode.c.objc; path = BXVerseRefConsolidatorTests.m; sourceTree = "<group>"; };
		93B5D5591A2257A2008D22FD /* BXFilterHebrewPoints.h */ = {isa = PBXFileReference; fileEncoding = 4; lastKnownFileType = sourcecode.c.h; path = BXFilterHebrewPoints.h; sourceTree = "<group>"; };
		93B5D55A1A2257A2008D22FD /* BXFilterHebrewPoints.m */ = {isa = PBXFileReference; fileEncoding = 4; lastKnownFileType = sourcecode.c.objc; path = BXFilterHebrewPoints.m; sourceTree = "<group>"; };
		93B5D55C1A22583E008D22FD /* icon.psd */ = {isa = PBXFileReference; lastKnownFileType = file; path = icon.psd; sourceTree = "<group>"; };
		93B5D55D1A22598E008D22FD /* TODO.md */ = {isa = PBXFileReference; lastKnownFileType = net.daringfireball.markdown; path = TODO.md; sourceTree = "<group>"; };
		93B66DCF1A2D74CB009F5D13 /* BXDocumentTests.m */ = {isa = PBXFileReference; fileEncoding = 4; lastKnownFileType = sourcecode.c.objc; name = BXDocumentTests.m; path = RegexForAccordanceTests/BXDocumentTests.m; sourceTree = SOURCE_ROOT; };
		93B66DD11A2D892A009F5D13 /* BXSearchResultTests.m */ = {isa = PBXFileReference; fileEncoding = 4; lastKnownFileType = sourcecode.c.objc; path = BXSearchResultTests.m; sourceTree = "<group>"; };
		93B66DD31A2EC08A009F5D13 /* BXFilterPopOverViewControllerTests.m */ = {isa = PBXFileReference; fileEncoding = 4; lastKnownFileType = sourcecode.c.objc; path = BXFilterPopOverViewControllerTests.m; sourceTree = "<group>"; };
		93BC372D19F363980074B9C8 /* BXFilterPilcrows.h */ = {isa = PBXFileReference; fileEncoding = 4; lastKnownFileType = sourcecode.c.h; path = BXFilterPilcrows.h; sourceTree = "<group>"; };
		93BC372E19F363980074B9C8 /* BXFilterPilcrows.m */ = {isa = PBXFileReference; fileEncoding = 4; lastKnownFileType = sourcecode.c.objc; path = BXFilterPilcrows.m; sourceTree = "<group>"; };
		93D1573019983D720020CB14 /* BXFilterReplace.h */ = {isa = PBXFileReference; fileEncoding = 4; lastKnownFileType = sourcecode.c.h; path = BXFilterReplace.h; sourceTree = "<group>"; };
		93D1573119983D720020CB14 /* BXFilterReplace.m */ = {isa = PBXFileReference; fileEncoding = 4; lastKnownFileType = sourcecode.c.objc; path = BXFilterReplace.m; sourceTree = "<group>"; };
		93D1573319983D910020CB14 /* BXFilter.h */ = {isa = PBXFileReference; lastKnownFileType = sourcecode.c.h; path = BXFilter.h; sourceTree = "<group>"; };
		93D1573419983E220020CB14 /* BXFilterTransliterate.h */ = {isa = PBXFileReference; fileEncoding = 4; lastKnownFileType = sourcecode.c.h; path = BXFilterTransliterate.h; sourceTree = "<group>"; };
		93D1573519983E220020CB14 /* BXFilterTransliterate.m */ = {isa = PBXFileReference; fileEncoding = 4; lastKnownFileType = sourcecode.c.objc; path = BXFilterTransliterate.m; sourceTree = "<group>"; };
		93D157371998458B0020CB14 /* BXFilterTests.m */ = {isa = PBXFileReference; fileEncoding = 4; lastKnownFileType = sourcecode.c.objc; path = BXFilterTests.m; sourceTree = "<group>"; };
		93D1573919984C2A0020CB14 /* BXTransliterateFilterTests.m */ = {isa = PBXFileReference; fileEncoding = 4; lastKnownFileType = sourcecode.c.objc; path = BXTransliterateFilterTests.m; sourceTree = "<group>"; };
		93D1573C1998751D0020CB14 /* BXFilterCFStringTransform.h */ = {isa = PBXFileReference; fileEncoding = 4; lastKnownFileType = sourcecode.c.h; path = BXFilterCFStringTransform.h; sourceTree = "<group>"; };
		93D1573D1998751D0020CB14 /* BXFilterCFStringTransform.m */ = {isa = PBXFileReference; fileEncoding = 4; lastKnownFileType = sourcecode.c.objc; path = BXFilterCFStringTransform.m; sourceTree = "<group>"; };
		93D207C119A2FB3500885079 /* BXFilterHebrewDirectionalMarks.h */ = {isa = PBXFileReference; fileEncoding = 4; lastKnownFileType = sourcecode.c.h; path = BXFilterHebrewDirectionalMarks.h; sourceTree = "<group>"; };
		93D207C219A2FB3500885079 /* BXFilterHebrewDirectionalMarks.m */ = {isa = PBXFileReference; fileEncoding = 4; lastKnownFileType = sourcecode.c.objc; path = BXFilterHebrewDirectionalMarks.m; sourceTree = "<group>"; };
		93D461311A1C5B6E001DDABA /* LICENSE */ = {isa = PBXFileReference; fileEncoding = 4; lastKnownFileType = text; path = LICENSE; sourceTree = "<group>"; };
		93D461321A1C5B6E001DDABA /* README.md */ = {isa = PBXFileReference; fileEncoding = 4; lastKnownFileType = net.daringfireball.markdown; path = README.md; sourceTree = "<group>"; };
		93D4A8251A7D447B007FBC4C /* BXTestAccVerseFetcher.h */ = {isa = PBXFileReference; fileEncoding = 4; lastKnownFileType = sourcecode.c.h; path = BXTestAccVerseFetcher.h; sourceTree = "<group>"; };
		93D4A8261A7D447B007FBC4C /* BXTestAccVerseFetcher.m */ = {isa = PBXFileReference; fileEncoding = 4; lastKnownFileType = sourcecode.c.objc; path = BXTestAccVerseFetcher.m; sourceTree = "<group>"; };
		93DBC54F1A0F274F008ABE0A /* icon.iconset */ = {isa = PBXFileReference; lastKnownFileType = folder.iconset; path = icon.iconset; sourceTree = "<group>"; };
		93E667A719B05B1700D8E08D /* BXStatisticsGroup.h */ = {isa = PBXFileReference; fileEncoding = 4; lastKnownFileType = sourcecode.c.h; path = BXStatisticsGroup.h; sourceTree = "<group>"; };
		93E667A819B05B1800D8E08D /* BXStatisticsGroup.m */ = {isa = PBXFileReference; fileEncoding = 4; lastKnownFileType = sourcecode.c.objc; path = BXStatisticsGroup.m; sourceTree = "<group>"; };
		93E667AA19B05F4700D8E08D /* BXStatisticsGroupsTests.m */ = {isa = PBXFileReference; fileEncoding = 4; lastKnownFileType = sourcecode.c.objc; path = BXStatisticsGroupsTests.m; sourceTree = "<group>"; };
		93FDF844199DAAF600BF3576 /* BXTextLanguageTests.m */ = {isa = PBXFileReference; fileEncoding = 4; lastKnownFileType = sourcecode.c.objc; path = BXTextLanguageTests.m; sourceTree = "<group>"; };
		93FDF846199DC5D800BF3576 /* BXFilterSpaces.h */ = {isa = PBXFileReference; fileEncoding = 4; lastKnownFileType = sourcecode.c.h; path = BXFilterSpaces.h; sourceTree = "<group>"; };
		93FDF847199DC5D800BF3576 /* BXFilterSpaces.m */ = {isa = PBXFileReference; fileEncoding = 4; lastKnownFileType = sourcecode.c.objc; path = BXFilterSpaces.m; sourceTree = "<group>"; };
		93FDF849199DC75F00BF3576 /* BXFilterHebrewCantillation.h */ = {isa = PBXFileReference; fileEncoding = 4; lastKnownFileType = sourcecode.c.h; path = BXFilterHebrewCantillation.h; sourceTree = "<group>"; };
		93FDF84A199DC75F00BF3576 /* BXFilterHebrewCantillation.m */ = {isa = PBXFileReference; fileEncoding = 4; lastKnownFileType = sourcecode.c.objc; path = BXFilterHebrewCantillation.m; sourceTree = "<group>"; };
		93FDF84F199DC93C00BF3576 /* BXFilterHebrewPunctuation.h */ = {isa = PBXFileReference; fileEncoding = 4; lastKnownFileType = sourcecode.c.h; path = BXFilterHebrewPunctuation.h; sourceTree = "<group>"; };
		93FDF850199DC93C00BF3576 /* BXFilterHebrewPunctuation.m */ = {isa = PBXFileReference; fileEncoding = 4; lastKnownFileType = sourcecode.c.objc; path = BXFilterHebrewPunctuation.m; sourceTree = "<group>"; };
		93FDF852199DCB0900BF3576 /* BXFilterDecomposeCharacters.h */ = {isa = PBXFileReference; fileEncoding = 4; lastKnownFileType = sourcecode.c.h; path = BXFilterDecomposeCharacters.h; sourceTree = "<group>"; };
		93FDF853199DCB0900BF3576 /* BXFilterDecomposeCharacters.m */ = {isa = PBXFileReference; fileEncoding = 4; lastKnownFileType = sourcecode.c.objc; path = BXFilterDecomposeCharacters.m; sourceTree = "<group>"; };
/* End PBXFileReference section */

/* Begin PBXFrameworksBuildPhase section */
		93984F6319873CA70034CB53 /* Frameworks */ = {
			isa = PBXFrameworksBuildPhase;
			buildActionMask = 2147483647;
			files = (
				93984F6A19873CA70034CB53 /* Cocoa.framework in Frameworks */,
			);
			runOnlyForDeploymentPostprocessing = 0;
		};
		93984F8419873CA70034CB53 /* Frameworks */ = {
			isa = PBXFrameworksBuildPhase;
			buildActionMask = 2147483647;
			files = (
				93984F8A19873CA70034CB53 /* Cocoa.framework in Frameworks */,
				93984F8919873CA70034CB53 /* XCTest.framework in Frameworks */,
			);
			runOnlyForDeploymentPostprocessing = 0;
		};
/* End PBXFrameworksBuildPhase section */

/* Begin PBXGroup section */
		9308FBE319945B9B00AB090C /* UI */ = {
			isa = PBXGroup;
			children = (
				9308FBE419945B9B00AB090C /* MainMenu.xib */,
				9313B11519BAC04E005073F9 /* Search Window */,
				9313B11619BAC05B005073F9 /* Preferences Window */,
			);
			name = UI;
			path = RegexForAccordance;
			sourceTree = SOURCE_ROOT;
		};
		9308FC0319945B9C00AB090C /* Tests */ = {
			isa = PBXGroup;
			children = (
				930CA723199889D100711558 /* Supporting Files */,
				93B66DCF1A2D74CB009F5D13 /* BXDocumentTests.m */,
				9308FC0419945B9C00AB090C /* BXAccVerseFetcherTests.m */,
				93D4A8251A7D447B007FBC4C /* BXTestAccVerseFetcher.h */,
				93D4A8261A7D447B007FBC4C /* BXTestAccVerseFetcher.m */,
				9308FC0519945B9C00AB090C /* BXAccVerseURLTests.m */,
				934E574D19A955F8006172AC /* BXFontSelectorTests.m */,
				931A27BB1994A3E000DC3C27 /* BXLineParserTests.m */,
				9308FC0619945B9C00AB090C /* BXLineSplitterTests.m */,
				9308FC0719945B9C00AB090C /* BXSearchTests.m */,
				93B66DD11A2D892A009F5D13 /* BXSearchResultTests.m */,
				93D157371998458B0020CB14 /* BXFilterTests.m */,
				93B66DD31A2EC08A009F5D13 /* BXFilterPopOverViewControllerTests.m */,
				9308FBE219945B9B00AB090C /* BXSearchResultFormatterTests.m */,
				93FDF844199DAAF600BF3576 /* BXTextLanguageTests.m */,
				93D1573919984C2A0020CB14 /* BXTransliterateFilterTests.m */,
				931A27AC1994706300DC3C27 /* BXVerseRangeParserTests.m */,
				9313263419BCDAD400974229 /* BXVerseRefTests.m */,
				93404DAF1A2ABBB9007927A2 /* BXVerseTests.m */,
				93B5D5571A22575C008D22FD /* BXVerseRefConsolidatorTests.m */,
				93475AAE19A0162E00882A88 /* BXStatisticsTests.m */,
				93613DD319AC2C7400968843 /* BXStatisticsDatasourceTests.m */,
				9323356C19B033EA00FFADCF /* BXSearchFieldFormatterTests.m */,
				93E667AA19B05F4700D8E08D /* BXStatisticsGroupsTests.m */,
				9387CA8D19B1910800129B96 /* BXTestSearchResult.h */,
				9387CA8E19B1910800129B96 /* BXTestSearchResult.m */,
			);
			name = Tests;
			path = RegexForAccordanceTests;
			sourceTree = SOURCE_ROOT;
		};
		930CA723199889D100711558 /* Supporting Files */ = {
			isa = PBXGroup;
			children = (
				9308FC0919945B9C00AB090C /* InfoPlist.strings */,
				9308FC0B19945B9C00AB090C /* RegexForAccordanceTests-Info.plist */,
			);
			name = "Supporting Files";
			sourceTree = "<group>";
		};
		9313B11519BAC04E005073F9 /* Search Window */ = {
			isa = PBXGroup;
			children = (
				93080E78199741D100BA9685 /* BXSearchWindow.xib */,
				93080E76199741D100BA9685 /* BXSearchWindowController.h */,
				93080E77199741D100BA9685 /* BXSearchWindowController.m */,
				933191A119E395E500F5C84C /* BXSearchResultHighlighter.h */,
				933191A219E395E500F5C84C /* BXSearchResultHighlighter.m */,
				93676F5D19E1A8DF00DAA51D /* BXSearchSettings.h */,
				93676F5E19E1A8DF00DAA51D /* BXSearchSettings.m */,
				932D676419B4FF9900222BB8 /* BXSearchFieldFormatter.h */,
				932D676519B4FF9900222BB8 /* BXSearchFieldFormatter.m */,
				933AF7AF19CFB8B50036CF7C /* BXFilterPopoverViewController.h */,
				933AF7B019CFB8B50036CF7C /* BXFilterPopoverViewController.m */,
				9308FBE019945B9B00AB090C /* BXSearchResultFormatter.h */,
				9308FBE119945B9B00AB090C /* BXSearchResultFormatter.m */,
				9308FBEC19945B9C00AB090C /* BXFontSelector.h */,
				9308FBED19945B9C00AB090C /* BXFontSelector.m */,
				93676F5C19E1A6C400DAA51D /* Statistics Table View */,
			);
			name = "Search Window";
			sourceTree = "<group>";
		};
		9313B11619BAC05B005073F9 /* Preferences Window */ = {
			isa = PBXGroup;
			children = (
				9317B75C19B41017001B3F0D /* BXPreferencesWindow.xib */,
				9317B75A19B41017001B3F0D /* BXPreferencesWindowController.h */,
				9317B75B19B41017001B3F0D /* BXPreferencesWindowController.m */,
			);
			name = "Preferences Window";
			sourceTree = "<group>";
		};
		931A27A61994621B00DC3C27 /* Supporting Files */ = {
			isa = PBXGroup;
			children = (
				93DBC54F1A0F274F008ABE0A /* icon.iconset */,
				93B5D55C1A22583E008D22FD /* icon.psd */,
				9308FBF919945B9C00AB090C /* Credits.rtf */,
				9308FBFB19945B9C00AB090C /* InfoPlist.strings */,
				9308FBFD19945B9C00AB090C /* Images.xcassets */,
				9308FBFE19945B9C00AB090C /* main.m */,
				9308FBFF19945B9C00AB090C /* RegexForAccordance-Info.plist */,
				9308FC0019945B9C00AB090C /* RegexForAccordance-Prefix.pch */,
				9317B75819B403F2001B3F0D /* Defaults.plist */,
			);
			name = "Supporting Files";
			sourceTree = "<group>";
		};
		931A27A719946AF300DC3C27 /* Back End */ = {
			isa = PBXGroup;
			children = (
				9308FBF019945B9C00AB090C /* BXSearch.h */,
				9308FBF119945B9C00AB090C /* BXSearch.m */,
				931A27AB19946F7B00DC3C27 /* Accordance */,
				93B089311995B45B009A211B /* Parsing */,
				93B089301995B42E009A211B /* Search Result Components */,
				93E667A619B05ADA00D8E08D /* Statistics */,
				93D1573B1998550B0020CB14 /* FIlters */,
			);
			name = "Back End";
			sourceTree = "<group>";
		};
		931A27AB19946F7B00DC3C27 /* Accordance */ = {
			isa = PBXGroup;
			children = (
				9308FBE619945B9C00AB090C /* BXAccVerseFetcher.h */,
				9308FBE719945B9C00AB090C /* BXAccVerseFetcher.m */,
				9308FBE819945B9C00AB090C /* BXAccVerseURL.h */,
				9308FBE919945B9C00AB090C /* BXAccVerseURL.m */,
				939C166819B39238009A46E4 /* BXAccLink.h */,
				939C166919B39238009A46E4 /* BXAccLink.m */,
				931A27B51994920D00DC3C27 /* BXVerseRefConsolidator.h */,
				931A27B61994920D00DC3C27 /* BXVerseRefConsolidator.m */,
			);
			name = Accordance;
			sourceTree = "<group>";
		};
		9337917519A464810071BD77 /* Hebrew */ = {
			isa = PBXGroup;
			children = (
				93FDF849199DC75F00BF3576 /* BXFilterHebrewCantillation.h */,
				93FDF84A199DC75F00BF3576 /* BXFilterHebrewCantillation.m */,
				93B5D5591A2257A2008D22FD /* BXFilterHebrewPoints.h */,
				93B5D55A1A2257A2008D22FD /* BXFilterHebrewPoints.m */,
				93FDF84F199DC93C00BF3576 /* BXFilterHebrewPunctuation.h */,
				93FDF850199DC93C00BF3576 /* BXFilterHebrewPunctuation.m */,
				93D207C119A2FB3500885079 /* BXFilterHebrewDirectionalMarks.h */,
				93D207C219A2FB3500885079 /* BXFilterHebrewDirectionalMarks.m */,
			);
			name = Hebrew;
			sourceTree = "<group>";
		};
		9337917619A464930071BD77 /* Greek */ = {
			isa = PBXGroup;
			children = (
				9317B2B819A570EF00186A77 /* BXFilterGreekDiacritics.h */,
				9317B2B919A570EF00186A77 /* BXFilterGreekDiacritics.m */,
				9317B2BB19A5750B00186A77 /* BXFilterGreekPunctuation.h */,
				9317B2BC19A5750B00186A77 /* BXFilterGreekPunctuation.m */,
			);
			name = Greek;
			sourceTree = "<group>";
		};
		935E3AE219C2AA0E007A635A /* Group Row */ = {
			isa = PBXGroup;
			children = (
				935E3AD919C29E04007A635A /* BXGroupRowView.xib */,
				935E3ADE19C2A573007A635A /* BXGroupRowView.h */,
				935E3ADF19C2A573007A635A /* BXGroupRowView.m */,
				935E3ADB19C29E2A007A635A /* BXGroupRowViewController.h */,
				935E3ADC19C29E2A007A635A /* BXGroupRowViewController.m */,
			);
			name = "Group Row";
			sourceTree = "<group>";
		};
		93676F5C19E1A6C400DAA51D /* Statistics Table View */ = {
			isa = PBXGroup;
			children = (
				93475AB019A04F1200882A88 /* BXStatisticsDatasource.h */,
				93475AB119A04F1200882A88 /* BXStatisticsDatasource.m */,
				935E3AE219C2AA0E007A635A /* Group Row */,
			);
			name = "Statistics Table View";
			sourceTree = "<group>";
		};
		93984F5D19873CA70034CB53 = {
			isa = PBXGroup;
			children = (
				93D461311A1C5B6E001DDABA /* LICENSE */,
				93D461321A1C5B6E001DDABA /* README.md */,
				93B5D55D1A22598E008D22FD /* TODO.md */,
				933191A419EAF3FA00F5C84C /* Help */,
				93984F6F19873CA70034CB53 /* Source */,
				93984F6819873CA70034CB53 /* Frameworks */,
				93984F6719873CA70034CB53 /* Products */,
			);
			sourceTree = "<group>";
		};
		93984F6719873CA70034CB53 /* Products */ = {
			isa = PBXGroup;
			children = (
				93984F6619873CA70034CB53 /* RegexForAccordance.app */,
				93984F8719873CA70034CB53 /* RegexForAccordanceTests.xctest */,
			);
			name = Products;
			sourceTree = "<group>";
		};
		93984F6819873CA70034CB53 /* Frameworks */ = {
			isa = PBXGroup;
			children = (
				93006F041A215F0C00F9BE92 /* OSAKit.framework */,
				93984F6919873CA70034CB53 /* Cocoa.framework */,
				93984F8819873CA70034CB53 /* XCTest.framework */,
				93984F6B19873CA70034CB53 /* Other Frameworks */,
			);
			name = Frameworks;
			sourceTree = "<group>";
		};
		93984F6B19873CA70034CB53 /* Other Frameworks */ = {
			isa = PBXGroup;
			children = (
				93984F6C19873CA70034CB53 /* AppKit.framework */,
				93984F6D19873CA70034CB53 /* CoreData.framework */,
				93984F6E19873CA70034CB53 /* Foundation.framework */,
			);
			name = "Other Frameworks";
			sourceTree = "<group>";
		};
		93984F6F19873CA70034CB53 /* Source */ = {
			isa = PBXGroup;
			children = (
				931A27A61994621B00DC3C27 /* Supporting Files */,
				9308FBEA19945B9C00AB090C /* BXAppDelegate.h */,
				9308FBEB19945B9C00AB090C /* BXAppDelegate.m */,
				934E579219A96AFB006172AC /* BXDocument.h */,
				934E579319A96AFB006172AC /* BXDocument.m */,
				9308FBE319945B9B00AB090C /* UI */,
				931A27A719946AF300DC3C27 /* Back End */,
				9308FC0319945B9C00AB090C /* Tests */,
			);
			name = Source;
			path = RegexForAccordance;
			sourceTree = "<group>";
		};
		93B089301995B42E009A211B /* Search Result Components */ = {
			isa = PBXGroup;
			children = (
				9308FBF619945B9C00AB090C /* BXVerse.h */,
				9308FBF719945B9C00AB090C /* BXVerse.m */,
				931A27B019948DA400DC3C27 /* BXVerseRef.h */,
				931A27B119948DA400DC3C27 /* BXVerseRef.m */,
				9308FBF219945B9C00AB090C /* BXSearchResult.h */,
				9308FBF319945B9C00AB090C /* BXSearchResult.m */,
			);
			name = "Search Result Components";
			sourceTree = "<group>";
		};
		93B089311995B45B009A211B /* Parsing */ = {
			isa = PBXGroup;
			children = (
				931A27B81994A36100DC3C27 /* BXLineParser.h */,
				931A27B91994A36100DC3C27 /* BXLineParser.m */,
				9308FBEE19945B9C00AB090C /* BXLineSplitter.h */,
				9308FBEF19945B9C00AB090C /* BXLineSplitter.m */,
				931A27A819946F5800DC3C27 /* BXVerseRangeParser.h */,
				931A27A919946F5800DC3C27 /* BXVerseRangeParser.m */,
				9308FBF419945B9C00AB090C /* BXTextLanguage.h */,
				9308FBF519945B9C00AB090C /* BXTextLanguage.m */,
			);
			name = Parsing;
			sourceTree = "<group>";
		};
		93D1573B1998550B0020CB14 /* FIlters */ = {
			isa = PBXGroup;
			children = (
				9337917519A464810071BD77 /* Hebrew */,
				9337917619A464930071BD77 /* Greek */,
				93D1573319983D910020CB14 /* BXFilter.h */,
				936CA3341A26D96F00C27A7F /* BXFilter.m */,
				93FDF852199DCB0900BF3576 /* BXFilterDecomposeCharacters.h */,
				93FDF853199DCB0900BF3576 /* BXFilterDecomposeCharacters.m */,
				93D1573019983D720020CB14 /* BXFilterReplace.h */,
				93D1573119983D720020CB14 /* BXFilterReplace.m */,
				9354DD491A6B29AE008429D6 /* BXFilterBracketedText.h */,
				9354DD4A1A6B29AE008429D6 /* BXFilterBracketedText.m */,
				931F51A31A25876D006774A3 /* BXFilterRemove.h */,
				931F51A41A25876D006774A3 /* BXFilterRemove.m */,
				93FDF846199DC5D800BF3576 /* BXFilterSpaces.h */,
				93FDF847199DC5D800BF3576 /* BXFilterSpaces.m */,
				93963DAF1A21170C0091F71D /* BXFilterTrailingSpaces.h */,
				93963DB01A21170C0091F71D /* BXFilterTrailingSpaces.m */,
				93BC372D19F363980074B9C8 /* BXFilterPilcrows.h */,
				93BC372E19F363980074B9C8 /* BXFilterPilcrows.m */,
				93D1573419983E220020CB14 /* BXFilterTransliterate.h */,
				93D1573519983E220020CB14 /* BXFilterTransliterate.m */,
				93D1573C1998751D0020CB14 /* BXFilterCFStringTransform.h */,
				93D1573D1998751D0020CB14 /* BXFilterCFStringTransform.m */,
			);
			name = FIlters;
			sourceTree = "<group>";
		};
		93E667A619B05ADA00D8E08D /* Statistics */ = {
			isa = PBXGroup;
			children = (
				93475AAB19A015F500882A88 /* BXStatistics.h */,
				93475AAC19A015F500882A88 /* BXStatistics.m */,
				9323356E19B0374800FFADCF /* BXStatisticsGroups.h */,
				9323356F19B0374800FFADCF /* BXStatisticsGroups.m */,
				93E667A719B05B1700D8E08D /* BXStatisticsGroup.h */,
				93E667A819B05B1800D8E08D /* BXStatisticsGroup.m */,
				93AF6A9419AE8358006A8328 /* BXSearchResultHit.h */,
				93AF6A9519AE8358006A8328 /* BXSearchResultHit.m */,
			);
			name = Statistics;
			sourceTree = "<group>";
		};
/* End PBXGroup section */

/* Begin PBXNativeTarget section */
		93984F6519873CA70034CB53 /* RegexForAccordance */ = {
			isa = PBXNativeTarget;
			buildConfigurationList = 93984F9719873CA70034CB53 /* Build configuration list for PBXNativeTarget "RegexForAccordance" */;
			buildPhases = (
				93984F6219873CA70034CB53 /* Sources */,
				93984F6319873CA70034CB53 /* Frameworks */,
				93984F6419873CA70034CB53 /* Resources */,
			);
			buildRules = (
			);
			dependencies = (
			);
			name = RegexForAccordance;
			productName = RegexForAccordance;
			productReference = 93984F6619873CA70034CB53 /* RegexForAccordance.app */;
			productType = "com.apple.product-type.application";
		};
		93984F8619873CA70034CB53 /* RegexForAccordanceTests */ = {
			isa = PBXNativeTarget;
			buildConfigurationList = 93984F9A19873CA70034CB53 /* Build configuration list for PBXNativeTarget "RegexForAccordanceTests" */;
			buildPhases = (
				93984F8319873CA70034CB53 /* Sources */,
				93984F8419873CA70034CB53 /* Frameworks */,
				93984F8519873CA70034CB53 /* Resources */,
			);
			buildRules = (
			);
			dependencies = (
				93984F8C19873CA70034CB53 /* PBXTargetDependency */,
			);
			name = RegexForAccordanceTests;
			productName = RegexForAccordanceTests;
			productReference = 93984F8719873CA70034CB53 /* RegexForAccordanceTests.xctest */;
			productType = "com.apple.product-type.bundle.unit-test";
		};
/* End PBXNativeTarget section */

/* Begin PBXProject section */
		93984F5E19873CA70034CB53 /* Project object */ = {
			isa = PBXProject;
			attributes = {
				CLASSPREFIX = BX;
				LastUpgradeCheck = 0900;
				ORGANIZATIONNAME = "Darin Franklin";
				TargetAttributes = {
					93984F6519873CA70034CB53 = {
						SystemCapabilities = {
							com.apple.Sandbox = {
								enabled = 1;
							};
						};
					};
					93984F8619873CA70034CB53 = {
						TestTargetID = 93984F6519873CA70034CB53;
					};
				};
			};
			buildConfigurationList = 93984F6119873CA70034CB53 /* Build configuration list for PBXProject "RegexForAccordance" */;
			compatibilityVersion = "Xcode 3.2";
			developmentRegion = English;
			hasScannedForEncodings = 0;
			knownRegions = (
				en,
				Base,
			);
			mainGroup = 93984F5D19873CA70034CB53;
			productRefGroup = 93984F6719873CA70034CB53 /* Products */;
			projectDirPath = "";
			projectRoot = "";
			targets = (
				93984F6519873CA70034CB53 /* RegexForAccordance */,
				93984F8619873CA70034CB53 /* RegexForAccordanceTests */,
			);
		};
/* End PBXProject section */

/* Begin PBXResourcesBuildPhase section */
		93984F6419873CA70034CB53 /* Resources */ = {
			isa = PBXResourcesBuildPhase;
			buildActionMask = 2147483647;
			files = (
				93B5D5561A2254FB008D22FD /* MainMenu.xib in Resources */,
				93080E7A199741D100BA9685 /* BXSearchWindow.xib in Resources */,
				9308FC1A19945B9C00AB090C /* Images.xcassets in Resources */,
				9308FC2419945B9C00AB090C /* InfoPlist.strings in Resources */,
				9308FC2519945B9C00AB090C /* RegexForAccordanceTests-Info.plist in Resources */,
				9308FC1919945B9C00AB090C /* InfoPlist.strings in Resources */,
				9317B75E19B41017001B3F0D /* BXPreferencesWindow.xib in Resources */,
				933191A519EAF3FA00F5C84C /* Help in Resources */,
				9317B75919B403F2001B3F0D /* Defaults.plist in Resources */,
				935E3ADA19C29E04007A635A /* BXGroupRowView.xib in Resources */,
				93AB10CE1A0F5B6D0036B6DC /* icon.iconset in Resources */,
				9308FC1819945B9C00AB090C /* Credits.rtf in Resources */,
			);
			runOnlyForDeploymentPostprocessing = 0;
		};
		93984F8519873CA70034CB53 /* Resources */ = {
			isa = PBXResourcesBuildPhase;
			buildActionMask = 2147483647;
			files = (
			);
			runOnlyForDeploymentPostprocessing = 0;
		};
/* End PBXResourcesBuildPhase section */

/* Begin PBXSourcesBuildPhase section */
		93984F6219873CA70034CB53 /* Sources */ = {
			isa = PBXSourcesBuildPhase;
			buildActionMask = 2147483647;
			files = (
				933AF7B119CFB8B50036CF7C /* BXFilterPopoverViewController.m in Sources */,
				93475AAD19A015F500882A88 /* BXStatistics.m in Sources */,
				931A27B71994920D00DC3C27 /* BXVerseRefConsolidator.m in Sources */,
				9323357019B0374800FFADCF /* BXStatisticsGroups.m in Sources */,
				933191A319E395E500F5C84C /* BXSearchResultHighlighter.m in Sources */,
				931F51A51A25876D006774A3 /* BXFilterRemove.m in Sources */,
				9308FC1119945B9C00AB090C /* BXAppDelegate.m in Sources */,
				93676F5F19E1A8DF00DAA51D /* BXSearchSettings.m in Sources */,
				931A27B219948DA400DC3C27 /* BXVerseRef.m in Sources */,
				9308FC1319945B9C00AB090C /* BXLineSplitter.m in Sources */,
				934E579419A96AFB006172AC /* BXDocument.m in Sources */,
				939C166A19B39238009A46E4 /* BXAccLink.m in Sources */,
				93D1573619983E220020CB14 /* BXFilterTransliterate.m in Sources */,
				9308FC1619945B9C00AB090C /* BXTextLanguage.m in Sources */,
				93080E79199741D100BA9685 /* BXSearchWindowController.m in Sources */,
				93963DB11A21170C0091F71D /* BXFilterTrailingSpaces.m in Sources */,
				93FDF854199DCB0900BF3576 /* BXFilterDecomposeCharacters.m in Sources */,
				9317B75D19B41017001B3F0D /* BXPreferencesWindowController.m in Sources */,
				9308FC1719945B9C00AB090C /* BXVerse.m in Sources */,
				93FDF848199DC5D800BF3576 /* BXFilterSpaces.m in Sources */,
				93BC372F19F363980074B9C8 /* BXFilterPilcrows.m in Sources */,
				93E667A919B05B1800D8E08D /* BXStatisticsGroup.m in Sources */,
				9308FC0C19945B9C00AB090C /* BXSearchResultFormatter.m in Sources */,
				9308FC0F19945B9C00AB090C /* BXAccVerseFetcher.m in Sources */,
				931A27BA1994A36100DC3C27 /* BXLineParser.m in Sources */,
				93AF6A9619AE8359006A8328 /* BXSearchResultHit.m in Sources */,
				93D1573219983D720020CB14 /* BXFilterReplace.m in Sources */,
				936CA3351A26D96F00C27A7F /* BXFilter.m in Sources */,
				9308FC1219945B9C00AB090C /* BXFontSelector.m in Sources */,
				9308FC1419945B9C00AB090C /* BXSearch.m in Sources */,
				9317B2BA19A570EF00186A77 /* BXFilterGreekDiacritics.m in Sources */,
				932D676619B4FF9900222BB8 /* BXSearchFieldFormatter.m in Sources */,
				93D1573E1998751D0020CB14 /* BXFilterCFStringTransform.m in Sources */,
				9308FC1519945B9C00AB090C /* BXSearchResult.m in Sources */,
				9308FC1B19945B9C00AB090C /* main.m in Sources */,
				93FDF84B199DC75F00BF3576 /* BXFilterHebrewCantillation.m in Sources */,
				935E3AE019C2A573007A635A /* BXGroupRowView.m in Sources */,
				93D207C319A2FB3500885079 /* BXFilterHebrewDirectionalMarks.m in Sources */,
				93FDF851199DC93C00BF3576 /* BXFilterHebrewPunctuation.m in Sources */,
				93475AB219A04F1200882A88 /* BXStatisticsDatasource.m in Sources */,
				935E3ADD19C29E2A007A635A /* BXGroupRowViewController.m in Sources */,
				93B5D55B1A2257A2008D22FD /* BXFilterHebrewPoints.m in Sources */,
				9354DD4B1A6B29AE008429D6 /* BXFilterBracketedText.m in Sources */,
				9317B2BD19A5750B00186A77 /* BXFilterGreekPunctuation.m in Sources */,
				931A27AA19946F5800DC3C27 /* BXVerseRangeParser.m in Sources */,
				9308FC1019945B9C00AB090C /* BXAccVerseURL.m in Sources */,
			);
			runOnlyForDeploymentPostprocessing = 0;
		};
		93984F8319873CA70034CB53 /* Sources */ = {
			isa = PBXSourcesBuildPhase;
			buildActionMask = 2147483647;
			files = (
				93D1573A19984C2B0020CB14 /* BXTransliterateFilterTests.m in Sources */,
				931A279E19945F1D00DC3C27 /* BXAccVerseFetcherTests.m in Sources */,
				93B5D5581A22575C008D22FD /* BXVerseRefConsolidatorTests.m in Sources */,
				931A27A31994607600DC3C27 /* BXSearchResultFormatterTests.m in Sources */,
				9387CA8F19B1910800129B96 /* BXTestSearchResult.m in Sources */,
				931A27BC1994A3E000DC3C27 /* BXLineParserTests.m in Sources */,
				931A27A119945F1D00DC3C27 /* BXSearchTests.m in Sources */,
				93475AAF19A0162E00882A88 /* BXStatisticsTests.m in Sources */,
				93B66DD01A2D74CB009F5D13 /* BXDocumentTests.m in Sources */,
				934E574E19A955F8006172AC /* BXFontSelectorTests.m in Sources */,
				93D4A8271A7D447B007FBC4C /* BXTestAccVerseFetcher.m in Sources */,
				9313263519BCDAD400974229 /* BXVerseRefTests.m in Sources */,
				931A27A019945F1D00DC3C27 /* BXLineSplitterTests.m in Sources */,
				9323356D19B033EA00FFADCF /* BXSearchFieldFormatterTests.m in Sources */,
				93613DD419AC2C7400968843 /* BXStatisticsDatasourceTests.m in Sources */,
				931A27AD1994706300DC3C27 /* BXVerseRangeParserTests.m in Sources */,
				93E667AB19B05F4700D8E08D /* BXStatisticsGroupsTests.m in Sources */,
				93B66DD41A2EC08A009F5D13 /* BXFilterPopOverViewControllerTests.m in Sources */,
				93D157381998458B0020CB14 /* BXFilterTests.m in Sources */,
				93B66DD21A2D892A009F5D13 /* BXSearchResultTests.m in Sources */,
				93FDF845199DAAF600BF3576 /* BXTextLanguageTests.m in Sources */,
				93404DB01A2ABBB9007927A2 /* BXVerseTests.m in Sources */,
				931A279F19945F1D00DC3C27 /* BXAccVerseURLTests.m in Sources */,
			);
			runOnlyForDeploymentPostprocessing = 0;
		};
/* End PBXSourcesBuildPhase section */

/* Begin PBXTargetDependency section */
		93984F8C19873CA70034CB53 /* PBXTargetDependency */ = {
			isa = PBXTargetDependency;
			target = 93984F6519873CA70034CB53 /* RegexForAccordance */;
			targetProxy = 93984F8B19873CA70034CB53 /* PBXContainerItemProxy */;
		};
/* End PBXTargetDependency section */

/* Begin PBXVariantGroup section */
		9308FBE419945B9B00AB090C /* MainMenu.xib */ = {
			isa = PBXVariantGroup;
			children = (
				9308FBE519945B9C00AB090C /* Base */,
			);
			name = MainMenu.xib;
			sourceTree = "<group>";
		};
		9308FBF919945B9C00AB090C /* Credits.rtf */ = {
			isa = PBXVariantGroup;
			children = (
				9308FBFA19945B9C00AB090C /* en */,
			);
			name = Credits.rtf;
			sourceTree = "<group>";
		};
		9308FBFB19945B9C00AB090C /* InfoPlist.strings */ = {
			isa = PBXVariantGroup;
			children = (
				9308FBFC19945B9C00AB090C /* en */,
			);
			name = InfoPlist.strings;
			sourceTree = "<group>";
		};
		9308FC0919945B9C00AB090C /* InfoPlist.strings */ = {
			isa = PBXVariantGroup;
			children = (
				9308FC0A19945B9C00AB090C /* en */,
			);
			name = InfoPlist.strings;
			sourceTree = "<group>";
		};
/* End PBXVariantGroup section */

/* Begin XCBuildConfiguration section */
		93404DAC1A2A94AC007927A2 /* GCov_Build */ = {
			isa = XCBuildConfiguration;
			buildSettings = {
				ALWAYS_SEARCH_USER_PATHS = NO;
				CLANG_CXX_LANGUAGE_STANDARD = "gnu++0x";
				CLANG_CXX_LIBRARY = "libc++";
				CLANG_ENABLE_MODULES = YES;
				CLANG_ENABLE_OBJC_ARC = YES;
				CLANG_WARN_BLOCK_CAPTURE_AUTORELEASING = YES;
				CLANG_WARN_BOOL_CONVERSION = YES;
				CLANG_WARN_COMMA = YES;
				CLANG_WARN_CONSTANT_CONVERSION = YES;
				CLANG_WARN_DIRECT_OBJC_ISA_USAGE = YES_ERROR;
				CLANG_WARN_EMPTY_BODY = YES;
				CLANG_WARN_ENUM_CONVERSION = YES;
				CLANG_WARN_INFINITE_RECURSION = YES;
				CLANG_WARN_INT_CONVERSION = YES;
				CLANG_WARN_NON_LITERAL_NULL_CONVERSION = YES;
				CLANG_WARN_OBJC_LITERAL_CONVERSION = YES;
				CLANG_WARN_OBJC_ROOT_CLASS = YES_ERROR;
				CLANG_WARN_RANGE_LOOP_ANALYSIS = YES;
				CLANG_WARN_STRICT_PROTOTYPES = YES;
				CLANG_WARN_SUSPICIOUS_MOVE = YES;
				CLANG_WARN_UNREACHABLE_CODE = YES;
				CLANG_WARN__DUPLICATE_METHOD_MATCH = YES;
				CODE_SIGN_IDENTITY = "";
				COPY_PHASE_STRIP = NO;
				DEBUG_INFORMATION_FORMAT = "dwarf-with-dsym";
				ENABLE_STRICT_OBJC_MSGSEND = YES;
				GCC_C_LANGUAGE_STANDARD = gnu99;
				GCC_DYNAMIC_NO_PIC = NO;
				GCC_ENABLE_OBJC_EXCEPTIONS = YES;
				GCC_GENERATE_TEST_COVERAGE_FILES = YES;
				GCC_INSTRUMENT_PROGRAM_FLOW_ARCS = YES;
				GCC_NO_COMMON_BLOCKS = YES;
				GCC_OPTIMIZATION_LEVEL = 0;
				GCC_PREPROCESSOR_DEFINITIONS = (
					"DEBUG=1",
					"$(inherited)",
				);
				GCC_SYMBOLS_PRIVATE_EXTERN = NO;
				GCC_WARN_64_TO_32_BIT_CONVERSION = YES;
				GCC_WARN_ABOUT_RETURN_TYPE = YES_ERROR;
				GCC_WARN_UNDECLARED_SELECTOR = YES;
				GCC_WARN_UNINITIALIZED_AUTOS = YES_AGGRESSIVE;
				GCC_WARN_UNUSED_FUNCTION = YES;
				GCC_WARN_UNUSED_VARIABLE = YES;
				MACOSX_DEPLOYMENT_TARGET = 10.9;
				ONLY_ACTIVE_ARCH = YES;
				SDKROOT = macosx;
			};
			name = GCov_Build;
		};
		93404DAD1A2A94AC007927A2 /* GCov_Build */ = {
			isa = XCBuildConfiguration;
			buildSettings = {
				CODE_SIGN_ENTITLEMENTS = "";
				CODE_SIGN_IDENTITY = "";
				COMBINE_HIDPI_IMAGES = YES;
				GCC_PRECOMPILE_PREFIX_HEADER = YES;
				GCC_PREFIX_HEADER = "RegexForAccordance/RegexForAccordance-Prefix.pch";
				INFOPLIST_FILE = "RegexForAccordance/RegexForAccordance-Info.plist";
				MACOSX_DEPLOYMENT_TARGET = 10.9;
				PRODUCT_BUNDLE_IDENTIFIER = "dfranklin.$(PRODUCT_NAME:rfc1034identifier)";
				PRODUCT_NAME = RegexForAccordance;
				WRAPPER_EXTENSION = app;
			};
			name = GCov_Build;
		};
		93404DAE1A2A94AC007927A2 /* GCov_Build */ = {
			isa = XCBuildConfiguration;
			buildSettings = {
				BUNDLE_LOADER = "$(BUILT_PRODUCTS_DIR)/RegexForAccordance.app/Contents/MacOS/RegexForAccordance";
				COMBINE_HIDPI_IMAGES = YES;
				FRAMEWORK_SEARCH_PATHS = (
					"$(DEVELOPER_FRAMEWORKS_DIR)",
					"$(inherited)",
				);
				GCC_PRECOMPILE_PREFIX_HEADER = YES;
				GCC_PREFIX_HEADER = "RegexForAccordance/RegexForAccordance-Prefix.pch";
				GCC_PREPROCESSOR_DEFINITIONS = (
					"DEBUG=1",
					"$(inherited)",
				);
				INFOPLIST_FILE = "RegexForAccordanceTests/RegexForAccordanceTests-Info.plist";
				PRODUCT_BUNDLE_IDENTIFIER = "edu.self.${PRODUCT_NAME:rfc1034identifier}";
				PRODUCT_NAME = RegexForAccordanceTests;
				TEST_HOST = "$(BUNDLE_LOADER)";
				WRAPPER_EXTENSION = xctest;
			};
			name = GCov_Build;
		};
		93984F9519873CA70034CB53 /* Debug */ = {
			isa = XCBuildConfiguration;
			buildSettings = {
				ALWAYS_SEARCH_USER_PATHS = NO;
				CLANG_CXX_LANGUAGE_STANDARD = "gnu++0x";
				CLANG_CXX_LIBRARY = "libc++";
				CLANG_ENABLE_MODULES = YES;
				CLANG_ENABLE_OBJC_ARC = YES;
				CLANG_WARN_BLOCK_CAPTURE_AUTORELEASING = YES;
				CLANG_WARN_BOOL_CONVERSION = YES;
				CLANG_WARN_COMMA = YES;
				CLANG_WARN_CONSTANT_CONVERSION = YES;
				CLANG_WARN_DIRECT_OBJC_ISA_USAGE = YES_ERROR;
				CLANG_WARN_EMPTY_BODY = YES;
				CLANG_WARN_ENUM_CONVERSION = YES;
				CLANG_WARN_INFINITE_RECURSION = YES;
				CLANG_WARN_INT_CONVERSION = YES;
				CLANG_WARN_NON_LITERAL_NULL_CONVERSION = YES;
				CLANG_WARN_OBJC_LITERAL_CONVERSION = YES;
				CLANG_WARN_OBJC_ROOT_CLASS = YES_ERROR;
				CLANG_WARN_RANGE_LOOP_ANALYSIS = YES;
				CLANG_WARN_STRICT_PROTOTYPES = YES;
				CLANG_WARN_SUSPICIOUS_MOVE = YES;
				CLANG_WARN_UNREACHABLE_CODE = YES;
				CLANG_WARN__DUPLICATE_METHOD_MATCH = YES;
				CODE_SIGN_IDENTITY = "";
				COPY_PHASE_STRIP = NO;
				ENABLE_STRICT_OBJC_MSGSEND = YES;
				ENABLE_TESTABILITY = YES;
				GCC_C_LANGUAGE_STANDARD = gnu99;
				GCC_DYNAMIC_NO_PIC = NO;
				GCC_ENABLE_OBJC_EXCEPTIONS = YES;
				GCC_NO_COMMON_BLOCKS = YES;
				GCC_OPTIMIZATION_LEVEL = 0;
				GCC_PREPROCESSOR_DEFINITIONS = (
					"DEBUG=1",
					"$(inherited)",
				);
				GCC_SYMBOLS_PRIVATE_EXTERN = NO;
				GCC_WARN_64_TO_32_BIT_CONVERSION = YES;
				GCC_WARN_ABOUT_RETURN_TYPE = YES_ERROR;
				GCC_WARN_UNDECLARED_SELECTOR = YES;
				GCC_WARN_UNINITIALIZED_AUTOS = YES_AGGRESSIVE;
				GCC_WARN_UNUSED_FUNCTION = YES;
				GCC_WARN_UNUSED_VARIABLE = YES;
				MACOSX_DEPLOYMENT_TARGET = 10.9;
				ONLY_ACTIVE_ARCH = YES;
				SDKROOT = macosx;
			};
			name = Debug;
		};
		93984F9619873CA70034CB53 /* Release */ = {
			isa = XCBuildConfiguration;
			buildSettings = {
				ALWAYS_SEARCH_USER_PATHS = NO;
				CLANG_CXX_LANGUAGE_STANDARD = "gnu++0x";
				CLANG_CXX_LIBRARY = "libc++";
				CLANG_ENABLE_MODULES = YES;
				CLANG_ENABLE_OBJC_ARC = YES;
				CLANG_WARN_BLOCK_CAPTURE_AUTORELEASING = YES;
				CLANG_WARN_BOOL_CONVERSION = YES;
				CLANG_WARN_COMMA = YES;
				CLANG_WARN_CONSTANT_CONVERSION = YES;
				CLANG_WARN_DIRECT_OBJC_ISA_USAGE = YES_ERROR;
				CLANG_WARN_EMPTY_BODY = YES;
				CLANG_WARN_ENUM_CONVERSION = YES;
				CLANG_WARN_INFINITE_RECURSION = YES;
				CLANG_WARN_INT_CONVERSION = YES;
				CLANG_WARN_NON_LITERAL_NULL_CONVERSION = YES;
				CLANG_WARN_OBJC_LITERAL_CONVERSION = YES;
				CLANG_WARN_OBJC_ROOT_CLASS = YES_ERROR;
				CLANG_WARN_RANGE_LOOP_ANALYSIS = YES;
				CLANG_WARN_STRICT_PROTOTYPES = YES;
				CLANG_WARN_SUSPICIOUS_MOVE = YES;
				CLANG_WARN_UNREACHABLE_CODE = YES;
				CLANG_WARN__DUPLICATE_METHOD_MATCH = YES;
				CODE_SIGN_IDENTITY = "";
				COPY_PHASE_STRIP = YES;
				DEBUG_INFORMATION_FORMAT = "dwarf-with-dsym";
				ENABLE_NS_ASSERTIONS = NO;
				ENABLE_STRICT_OBJC_MSGSEND = YES;
				GCC_C_LANGUAGE_STANDARD = gnu99;
				GCC_ENABLE_OBJC_EXCEPTIONS = YES;
				GCC_NO_COMMON_BLOCKS = YES;
				GCC_WARN_64_TO_32_BIT_CONVERSION = YES;
				GCC_WARN_ABOUT_RETURN_TYPE = YES_ERROR;
				GCC_WARN_UNDECLARED_SELECTOR = YES;
				GCC_WARN_UNINITIALIZED_AUTOS = YES_AGGRESSIVE;
				GCC_WARN_UNUSED_FUNCTION = YES;
				GCC_WARN_UNUSED_VARIABLE = YES;
				MACOSX_DEPLOYMENT_TARGET = 10.9;
				SDKROOT = macosx;
			};
			name = Release;
		};
		93984F9819873CA70034CB53 /* Debug */ = {
			isa = XCBuildConfiguration;
			buildSettings = {
				CODE_SIGN_ENTITLEMENTS = "";
				CODE_SIGN_IDENTITY = "";
				COMBINE_HIDPI_IMAGES = YES;
				GCC_PRECOMPILE_PREFIX_HEADER = YES;
				GCC_PREFIX_HEADER = "RegexForAccordance/RegexForAccordance-Prefix.pch";
				INFOPLIST_FILE = "RegexForAccordance/RegexForAccordance-Info.plist";
				MACOSX_DEPLOYMENT_TARGET = 10.9;
				PRODUCT_BUNDLE_IDENTIFIER = "dfranklin.$(PRODUCT_NAME:rfc1034identifier)";
				PRODUCT_NAME = RegexForAccordance;
				WRAPPER_EXTENSION = app;
			};
			name = Debug;
		};
		93984F9919873CA70034CB53 /* Release */ = {
			isa = XCBuildConfiguration;
			buildSettings = {
				CODE_SIGN_ENTITLEMENTS = "";
				CODE_SIGN_IDENTITY = "";
				COMBINE_HIDPI_IMAGES = YES;
				GCC_PRECOMPILE_PREFIX_HEADER = YES;
				GCC_PREFIX_HEADER = "RegexForAccordance/RegexForAccordance-Prefix.pch";
				INFOPLIST_FILE = "RegexForAccordance/RegexForAccordance-Info.plist";
				MACOSX_DEPLOYMENT_TARGET = 10.9;
				PRODUCT_BUNDLE_IDENTIFIER = "dfranklin.$(PRODUCT_NAME:rfc1034identifier)";
				PRODUCT_NAME = RegexForAccordance;
				WRAPPER_EXTENSION = app;
			};
			name = Release;
		};
		93984F9B19873CA70034CB53 /* Debug */ = {
			isa = XCBuildConfiguration;
			buildSettings = {
				BUNDLE_LOADER = "$(BUILT_PRODUCTS_DIR)/RegexForAccordance.app/Contents/MacOS/RegexForAccordance";
				COMBINE_HIDPI_IMAGES = YES;
				FRAMEWORK_SEARCH_PATHS = (
					"$(DEVELOPER_FRAMEWORKS_DIR)",
					"$(inherited)",
				);
				GCC_PRECOMPILE_PREFIX_HEADER = YES;
				GCC_PREFIX_HEADER = "RegexForAccordance/RegexForAccordance-Prefix.pch";
				GCC_PREPROCESSOR_DEFINITIONS = (
					"DEBUG=1",
					"$(inherited)",
				);
				INFOPLIST_FILE = "RegexForAccordanceTests/RegexForAccordanceTests-Info.plist";
				PRODUCT_BUNDLE_IDENTIFIER = "edu.self.${PRODUCT_NAME:rfc1034identifier}";
				PRODUCT_NAME = RegexForAccordanceTests;
				TEST_HOST = "$(BUNDLE_LOADER)";
				WRAPPER_EXTENSION = xctest;
			};
			name = Debug;
		};
		93984F9C19873CA70034CB53 /* Release */ = {
			isa = XCBuildConfiguration;
			buildSettings = {
				BUNDLE_LOADER = "$(BUILT_PRODUCTS_DIR)/RegexForAccordance.app/Contents/MacOS/RegexForAccordance";
				COMBINE_HIDPI_IMAGES = YES;
				FRAMEWORK_SEARCH_PATHS = (
					"$(DEVELOPER_FRAMEWORKS_DIR)",
					"$(inherited)",
				);
				GCC_PRECOMPILE_PREFIX_HEADER = YES;
				GCC_PREFIX_HEADER = "RegexForAccordance/RegexForAccordance-Prefix.pch";
				INFOPLIST_FILE = "RegexForAccordanceTests/RegexForAccordanceTests-Info.plist";
				PRODUCT_BUNDLE_IDENTIFIER = "edu.self.${PRODUCT_NAME:rfc1034identifier}";
				PRODUCT_NAME = RegexForAccordanceTests;
				TEST_HOST = "$(BUNDLE_LOADER)";
				WRAPPER_EXTENSION = xctest;
			};
			name = Release;
		};
/* End XCBuildConfiguration section */

/* Begin XCConfigurationList section */
		93984F6119873CA70034CB53 /* Build configuration list for PBXProject "RegexForAccordance" */ = {
			isa = XCConfigurationList;
			buildConfigurations = (
				93984F9519873CA70034CB53 /* Debug */,
				93404DAC1A2A94AC007927A2 /* GCov_Build */,
				93984F9619873CA70034CB53 /* Release */,
			);
			defaultConfigurationIsVisible = 0;
			defaultConfigurationName = Release;
		};
		93984F9719873CA70034CB53 /* Build configuration list for PBXNativeTarget "RegexForAccordance" */ = {
			isa = XCConfigurationList;
			buildConfigurations = (
				93984F9819873CA70034CB53 /* Debug */,
				93404DAD1A2A94AC007927A2 /* GCov_Build */,
				93984F9919873CA70034CB53 /* Release */,
			);
			defaultConfigurationIsVisible = 0;
			defaultConfigurationName = Release;
		};
		93984F9A19873CA70034CB53 /* Build configuration list for PBXNativeTarget "RegexForAccordanceTests" */ = {
			isa = XCConfigurationList;
			buildConfigurations = (
				93984F9B19873CA70034CB53 /* Debug */,
				93404DAE1A2A94AC007927A2 /* GCov_Build */,
				93984F9C19873CA70034CB53 /* Release */,
			);
			defaultConfigurationIsVisible = 0;
			defaultConfigurationName = Release;
		};
/* End XCConfigurationList section */
	};
	rootObject = 93984F5E19873CA70034CB53 /* Project object */;
}
